{
  "requires": true,
  "lockfileVersion": 1,
  "dependencies": {
    "@babel/runtime": {
      "version": "7.6.2",
      "resolved": "https://registry.npmjs.org/@babel/runtime/-/runtime-7.6.2.tgz",
      "integrity": "sha512-EXxN64agfUqqIGeEjI5dL5z0Sw0ZwWo1mLTi4mQowCZ42O59b7DRpZAnTC6OqdF28wMBMFKNb/4uFGrVaigSpg==",
      "requires": {
        "regenerator-runtime": "^0.13.2"
      }
    },
    "@progress/kendo-data-query": {
      "version": "1.5.2",
      "resolved": "https://registry.npmjs.org/@progress/kendo-data-query/-/kendo-data-query-1.5.2.tgz",
      "integrity": "sha512-W1tWOx0aTz5zKVxzuT0rJMmDHWjB/qoOgyWc+/yQimybcLIgjyju/fS/QrzWg1kyg9hPR87/fa0v5V833CAMGQ==",
      "requires": {
        "tslib": "^1.7.0"
      }
    },
    "@progress/kendo-date-math": {
      "version": "1.2.0",
      "resolved": "https://registry.npmjs.org/@progress/kendo-date-math/-/kendo-date-math-1.2.0.tgz",
      "integrity": "sha512-SVj6lSajwgI/dxqn+Gm1Pe1T8aaQkMmf/1ALETx2pii6SMLDLdCH9tp6Kp+M5t+NDqppLVrdMYDXWng9buiU8A==",
      "requires": {
        "tslib": "^1.7.0"
      }
    },
    "@progress/kendo-popup-common": {
      "version": "1.7.0",
      "resolved": "https://registry.npmjs.org/@progress/kendo-popup-common/-/kendo-popup-common-1.7.0.tgz",
      "integrity": "sha512-KxPIXDkirDpJaF/UWFKbe8QpbO5CwdQH/HyNT5Fj1qZb25YaO68VZCisls2qkcEVPHBlXesDcN3QJlt4vJ6tJw=="
    },
    "@progress/kendo-react-animation": {
      "version": "3.4.1",
      "resolved": "https://registry.npmjs.org/@progress/kendo-react-animation/-/kendo-react-animation-3.4.1.tgz",
      "integrity": "sha512-SNbi53/f8YfzowbDVQ/SYJJlL6PA7zWSiGxv7A0L2qrlwBkAf7IzI3FdHpTcVdkYt7Aqhm3B11fb8+GKtxUbjA==",
      "requires": {
        "@progress/kendo-react-common": "3.4.1",
        "prop-types": "^15.6.0",
        "react-transition-group": "^2.2.0"
      }
    },
    "@progress/kendo-react-buttons": {
      "version": "3.4.1",
      "resolved": "https://registry.npmjs.org/@progress/kendo-react-buttons/-/kendo-react-buttons-3.4.1.tgz",
      "integrity": "sha512-tn32qlwM5w8yF+fBl83V7VtrMCgeVW6N/zNOI4E0iwq1/R0AkdQaeJOuSNXpdsJbB8kjPdyKur3CDJ8cStP7KA==",
      "requires": {
        "@progress/kendo-react-common": "3.4.1",
        "@progress/kendo-react-popup": "3.4.1",
        "prop-types": "^15.6.0"
      }
    },
    "@progress/kendo-react-common": {
      "version": "3.4.1",
      "resolved": "https://registry.npmjs.org/@progress/kendo-react-common/-/kendo-react-common-3.4.1.tgz",
      "integrity": "sha512-E0lF6/vAFn2v8CxL25ITJ4v3AcT8glrVyO5ywe3GXyADrYSgep1+divBZ0XxOMYrTPsR5FbhP59UD5ht+8Io/A==",
      "requires": {
        "@telerik/kendo-draggable": "1.9.2",
        "prop-types": "^15.6.0"
      }
    },
    "@progress/kendo-react-dateinputs": {
      "version": "3.4.1",
      "resolved": "https://registry.npmjs.org/@progress/kendo-react-dateinputs/-/kendo-react-dateinputs-3.4.1.tgz",
      "integrity": "sha512-Yk4PITHo0KgJgN7LQpN/dn2TKrPahrw+hSb8S2S5uvG/bxgorgx1xYoxuG8pGMZZU49NvXY7lj6Ikxf3f4oZSA==",
      "requires": {
        "@progress/kendo-date-math": "1.2.0",
        "@progress/kendo-react-buttons": "3.4.1",
        "@progress/kendo-react-common": "3.4.1",
        "@progress/kendo-react-popup": "3.4.1",
        "prop-types": "^15.6.0"
      }
    },
    "@progress/kendo-react-dropdowns": {
      "version": "3.4.1",
      "resolved": "https://registry.npmjs.org/@progress/kendo-react-dropdowns/-/kendo-react-dropdowns-3.4.1.tgz",
      "integrity": "sha512-77enUusiyptkrPSOEoXQgb8hdJVM40WfFDEKNQ9FUhaIIawJ3OffOTvG9SBWPdPp+/tFH6NegGvMCJkDpn7Orw==",
      "requires": {
        "@progress/kendo-react-common": "3.4.1",
        "@progress/kendo-react-popup": "3.4.1",
        "prop-types": "^15.6.0"
      }
    },
    "@progress/kendo-react-grid": {
      "version": "3.4.1",
      "resolved": "https://registry.npmjs.org/@progress/kendo-react-grid/-/kendo-react-grid-3.4.1.tgz",
      "integrity": "sha512-lGL5s4Es+c8mZbnsnrBypVSo6vJVWknfeA/5w2TGBaFSvNbPx7thTzcLy2m+NNOkhJgYUG1TWj9TrDdxWWxa9A==",
      "requires": {
        "@progress/kendo-react-common": "3.4.1",
        "prop-types": "^15.6.0"
      }
    },
    "@progress/kendo-react-inputs": {
      "version": "3.4.1",
      "resolved": "https://registry.npmjs.org/@progress/kendo-react-inputs/-/kendo-react-inputs-3.4.1.tgz",
      "integrity": "sha512-R9trfuKho+eDPB1Pckyj8wKSOPzg2YvknFi3AUfMkp8S/s8+/6NJMBxUPgoo+tGIfafCredF40quHqneWQVTkw==",
      "requires": {
        "@progress/kendo-react-common": "3.4.1",
        "@progress/kendo-react-popup": "3.4.1",
        "prop-types": "^15.6.0"
      }
    },
    "@progress/kendo-react-intl": {
      "version": "3.4.1",
      "resolved": "https://registry.npmjs.org/@progress/kendo-react-intl/-/kendo-react-intl-3.4.1.tgz",
      "integrity": "sha512-lDDsqNpEoWI0AnjF4PoCsDPk3Ogt0UIkHDXLrzUOa2nLjv/njaVQYE7k80Q+jItgcWxGQyrY0BYcSdGYBhajUA==",
      "requires": {
        "@telerik/kendo-intl": "^1.4.4",
        "prop-types": "^15.6.0"
      }
    },
    "@progress/kendo-react-popup": {
      "version": "3.4.1",
      "resolved": "https://registry.npmjs.org/@progress/kendo-react-popup/-/kendo-react-popup-3.4.1.tgz",
      "integrity": "sha512-ZcVY0iNAZ6EavQjf86SSRAVP212og13xrDNq9ITkGuOdNOR8O/YZq1uueKOKHzBGD/SaTfi+22RgvaJBbkni2w==",
      "requires": {
        "@progress/kendo-popup-common": "^1.2.2",
        "@progress/kendo-react-animation": "3.4.1",
        "@progress/kendo-react-common": "3.4.1",
        "prop-types": "^15.6.0"
      }
    },
    "@telerik/kendo-draggable": {
      "version": "1.9.2",
      "resolved": "https://registry.npmjs.org/@telerik/kendo-draggable/-/kendo-draggable-1.9.2.tgz",
      "integrity": "sha512-6TqfyPMFibX2kAcLyXYcsZAFmJFRxpQtizoL6YZNdFb4/YRkgijbwXsVJs7nMecTzrmroc0fieixt2XdJXgicA=="
    },
    "@telerik/kendo-intl": {
      "version": "1.5.2",
      "resolved": "https://registry.npmjs.org/@telerik/kendo-intl/-/kendo-intl-1.5.2.tgz",
      "integrity": "sha512-T5Ie2QYtbBCYS88hI3ulKhXykH0ds1FWbgaITt6dn9pmjyEbkF66a8iCbtBhI9pAwH0GLqfOoYXRcbBEUth0Sg=="
    },
    "dom-helpers": {
      "version": "3.4.0",
      "resolved": "https://registry.npmjs.org/dom-helpers/-/dom-helpers-3.4.0.tgz",
      "integrity": "sha512-LnuPJ+dwqKDIyotW1VzmOZ5TONUN7CwkCR5hrgawTUbkBGYdeoNLZo6nNfGkCrjtE1nXXaj7iMMpDa8/d9WoIA==",
      "requires": {
        "@babel/runtime": "^7.1.2"
      }
    },
    "js-tokens": {
      "version": "4.0.0",
      "resolved": "https://registry.npmjs.org/js-tokens/-/js-tokens-4.0.0.tgz",
      "integrity": "sha512-RdJUflcE3cUzKiMqQgsCu06FPu9UdIJO0beYbPhHN4k6apgJtifcoCtT9bcxOpYBtpD2kCM6Sbzg4CausW/PKQ=="
    },
    "loose-envify": {
      "version": "1.4.0",
      "resolved": "https://registry.npmjs.org/loose-envify/-/loose-envify-1.4.0.tgz",
      "integrity": "sha512-lyuxPGr/Wfhrlem2CL/UcnUc1zcqKAImBDzukY7Y5F/yQiNdko6+fRLevlw1HgMySw7f611UIY408EtxRSoK3Q==",
      "requires": {
        "js-tokens": "^3.0.0 || ^4.0.0"
      }
    },
    "object-assign": {
      "version": "4.1.1",
      "resolved": "https://registry.npmjs.org/object-assign/-/object-assign-4.1.1.tgz",
      "integrity": "sha1-IQmtx5ZYh8/AXLvUQsrIv7s2CGM="
    },
    "prop-types": {
      "version": "15.7.2",
      "resolved": "https://registry.npmjs.org/prop-types/-/prop-types-15.7.2.tgz",
      "integrity": "sha512-8QQikdH7//R2vurIJSutZ1smHYTcLpRWEOlHnzcWHmBYrOGUysKwSsrC89BCiFj3CbrfJ/nXFdJepOVrY1GCHQ==",
      "requires": {
        "loose-envify": "^1.4.0",
        "object-assign": "^4.1.1",
        "react-is": "^16.8.1"
      }
    },
    "react-is": {
      "version": "16.9.0",
      "resolved": "https://registry.npmjs.org/react-is/-/react-is-16.9.0.tgz",
      "integrity": "sha512-tJBzzzIgnnRfEm046qRcURvwQnZVXmuCbscxUO5RWrGTXpon2d4c8mI0D8WE6ydVIm29JiLB6+RslkIvym9Rjw=="
    },
    "react-lifecycles-compat": {
      "version": "3.0.4",
      "resolved": "https://registry.npmjs.org/react-lifecycles-compat/-/react-lifecycles-compat-3.0.4.tgz",
      "integrity": "sha512-fBASbA6LnOU9dOU2eW7aQ8xmYBSXUIWr+UmF9b1efZBazGNO+rcXT/icdKnYm2pTwcRylVUYwW7H1PHfLekVzA=="
    },
    "react-transition-group": {
      "version": "2.9.0",
      "resolved": "https://registry.npmjs.org/react-transition-group/-/react-transition-group-2.9.0.tgz",
      "integrity": "sha512-+HzNTCHpeQyl4MJ/bdE0u6XRMe9+XG/+aL4mCxVN4DnPBQ0/5bfHWPDuOZUzYdMj94daZaZdCCc1Dzt9R/xSSg==",
      "requires": {
        "dom-helpers": "^3.4.0",
        "loose-envify": "^1.4.0",
        "prop-types": "^15.6.2",
        "react-lifecycles-compat": "^3.0.4"
      }
    },
    "regenerator-runtime": {
      "version": "0.13.3",
      "resolved": "https://registry.npmjs.org/regenerator-runtime/-/regenerator-runtime-0.13.3.tgz",
      "integrity": "sha512-naKIZz2GQ8JWh///G7L3X6LaQUAMp2lvb1rvwwsURe/VXwD6VMfr+/1NuNw3ag8v2kY1aQ/go5SNn79O9JU7yw=="
    },
    "tslib": {
      "version": "1.10.0",
      "resolved": "https://registry.npmjs.org/tslib/-/tslib-1.10.0.tgz",
      "integrity": "sha512-qOebF53frne81cf0S9B41ByenJ3/IuH8yJKngAX35CmiZySA0khhkovshKK+jGCaMnVomla7gVlIcc3EvKPbTQ=="
    }
  }
}
